
Microsoft Visual Studio Solution File, Format Version 12.00
# Visual Studio Version 16
VisualStudioVersion = 16.0.29709.97
MinimumVisualStudioVersion = 10.0.40219.1
Project("{9A19103F-16F7-4668-BE54-9A1E7A4F7556}") = "MyNetCore31Web", "MyNetCore31Web\MyNetCore31Web.csproj", "{309D39F2-521B-4EE7-AA79-C2D3FD24A43D}"
EndProject
Project("{9A19103F-16F7-4668-BE54-9A1E7A4F7556}") = "NetCoreConsoleTest", "NetCoreConsoleTest\NetCoreConsoleTest\NetCoreConsoleTest.csproj", "{601C1073-4837-4668-8BA3-1EBA3D990423}"
EndProject
Project("{2150E333-8FDC-42A3-9474-1A3956D46DE8}") = "SubAndPub", "SubAndPub", "{DD135D16-FEFF-4106-910F-E802793D7811}"
EndProject
Project("{9A19103F-16F7-4668-BE54-9A1E7A4F7556}") = "OrderForm", "OrderForm\OrderForm\OrderForm.csproj", "{8C327C17-6268-4511-9148-BB118A3359EF}"
EndProject
Project("{9A19103F-16F7-4668-BE54-9A1E7A4F7556}") = "SMSForm", "SMSForm\SMSForm\SMSForm.csproj", "{4B0CD826-5C2E-48A0-915F-55EA4C7129BE}"
EndProject
Project("{2150E333-8FDC-42A3-9474-1A3956D46DE8}") = "RedisMQ", "RedisMQ", "{C50D2275-F9A7-44A7-B0B2-50C8110753DF}"
EndProject
Project("{9A19103F-16F7-4668-BE54-9A1E7A4F7556}") = "RedisMessageQueue", "RedisMessageQueue\RedisMessageQueue\RedisMessageQueue.csproj", "{60934EB5-0924-4ED5-9DFD-1E0BAEE65637}"
EndProject
Project("{9A19103F-16F7-4668-BE54-9A1E7A4F7556}") = "redisClientJiFen", "ConsoleApp1\redisClientJiFen.csproj", "{C183AE41-B079-4552-A9E2-E059484024DF}"
EndProject
Project("{FAE04EC0-301F-11D3-BF4B-00C04F79EFBC}") = "Test", "Test\Test\Test.csproj", "{4596C231-8559-4E78-8F1B-F273582FF26E}"
EndProject
Project("{2150E333-8FDC-42A3-9474-1A3956D46DE8}") = "TestPJ", "TestPJ", "{7E7420AC-2DD0-4A33-B148-E156BF737E71}"
EndProject
Project("{2150E333-8FDC-42A3-9474-1A3956D46DE8}") = ".Net Cache", ".Net Cache", "{4FC83CD2-7EF9-42F6-AFF2-04DA61FD57FA}"
EndProject
Project("{9A19103F-16F7-4668-BE54-9A1E7A4F7556}") = "TestAspnetCore", "TestAspnetCore\TestAspnetCore\TestAspnetCore.csproj", "{23C23385-0860-41C4-8819-D6DD0CD340FB}"
EndProject
Project("{9A19103F-16F7-4668-BE54-9A1E7A4F7556}") = "NetCoreConsole", "NetCoreConsole\NetCoreConsole\NetCoreConsole.csproj", "{B5F962FB-DC54-47DA-9109-5FAE08180001}"
EndProject
Project("{9A19103F-16F7-4668-BE54-9A1E7A4F7556}") = "WebAppNETCore", "WebAppNETCore\WebAppNETCore\WebAppNETCore.csproj", "{97F5BC53-9BF4-4F0F-939B-6514868D8FB1}"
EndProject
Project("{FAE04EC0-301F-11D3-BF4B-00C04F79EFBC}") = "WebCore", "WebCore\WebCore\WebCore.csproj", "{E4DD6D9D-8B14-4C0D-852E-B9AA513279B9}"
EndProject
Global
	GlobalSection(SolutionConfigurationPlatforms) = preSolution
		Debug|Any CPU = Debug|Any CPU
		Release|Any CPU = Release|Any CPU
	EndGlobalSection
	GlobalSection(ProjectConfigurationPlatforms) = postSolution
		{309D39F2-521B-4EE7-AA79-C2D3FD24A43D}.Debug|Any CPU.ActiveCfg = Debug|Any CPU
		{309D39F2-521B-4EE7-AA79-C2D3FD24A43D}.Debug|Any CPU.Build.0 = Debug|Any CPU
		{309D39F2-521B-4EE7-AA79-C2D3FD24A43D}.Release|Any CPU.ActiveCfg = Release|Any CPU
		{309D39F2-521B-4EE7-AA79-C2D3FD24A43D}.Release|Any CPU.Build.0 = Release|Any CPU
		{601C1073-4837-4668-8BA3-1EBA3D990423}.Debug|Any CPU.ActiveCfg = Debug|Any CPU
		{601C1073-4837-4668-8BA3-1EBA3D990423}.Debug|Any CPU.Build.0 = Debug|Any CPU
		{601C1073-4837-4668-8BA3-1EBA3D990423}.Release|Any CPU.ActiveCfg = Release|Any CPU
		{601C1073-4837-4668-8BA3-1EBA3D990423}.Release|Any CPU.Build.0 = Release|Any CPU
		{8C327C17-6268-4511-9148-BB118A3359EF}.Debug|Any CPU.ActiveCfg = Debug|Any CPU
		{8C327C17-6268-4511-9148-BB118A3359EF}.Debug|Any CPU.Build.0 = Debug|Any CPU
		{8C327C17-6268-4511-9148-BB118A3359EF}.Release|Any CPU.ActiveCfg = Release|Any CPU
		{8C327C17-6268-4511-9148-BB118A3359EF}.Release|Any CPU.Build.0 = Release|Any CPU
		{4B0CD826-5C2E-48A0-915F-55EA4C7129BE}.Debug|Any CPU.ActiveCfg = Debug|Any CPU
		{4B0CD826-5C2E-48A0-915F-55EA4C7129BE}.Debug|Any CPU.Build.0 = Debug|Any CPU
		{4B0CD826-5C2E-48A0-915F-55EA4C7129BE}.Release|Any CPU.ActiveCfg = Release|Any CPU
		{4B0CD826-5C2E-48A0-915F-55EA4C7129BE}.Release|Any CPU.Build.0 = Release|Any CPU
		{60934EB5-0924-4ED5-9DFD-1E0BAEE65637}.Debug|Any CPU.ActiveCfg = Debug|Any CPU
		{60934EB5-0924-4ED5-9DFD-1E0BAEE65637}.Debug|Any CPU.Build.0 = Debug|Any CPU
		{60934EB5-0924-4ED5-9DFD-1E0BAEE65637}.Release|Any CPU.ActiveCfg = Release|Any CPU
		{60934EB5-0924-4ED5-9DFD-1E0BAEE65637}.Release|Any CPU.Build.0 = Release|Any CPU
		{C183AE41-B079-4552-A9E2-E059484024DF}.Debug|Any CPU.ActiveCfg = Debug|Any CPU
		{C183AE41-B079-4552-A9E2-E059484024DF}.Debug|Any CPU.Build.0 = Debug|Any CPU
		{C183AE41-B079-4552-A9E2-E059484024DF}.Release|Any CPU.ActiveCfg = Release|Any CPU
		{C183AE41-B079-4552-A9E2-E059484024DF}.Release|Any CPU.Build.0 = Release|Any CPU
		{4596C231-8559-4E78-8F1B-F273582FF26E}.Debug|Any CPU.ActiveCfg = Debug|Any CPU
		{4596C231-8559-4E78-8F1B-F273582FF26E}.Debug|Any CPU.Build.0 = Debug|Any CPU
		{4596C231-8559-4E78-8F1B-F273582FF26E}.Release|Any CPU.ActiveCfg = Release|Any CPU
		{4596C231-8559-4E78-8F1B-F273582FF26E}.Release|Any CPU.Build.0 = Release|Any CPU
		{23C23385-0860-41C4-8819-D6DD0CD340FB}.Debug|Any CPU.ActiveCfg = Debug|Any CPU
		{23C23385-0860-41C4-8819-D6DD0CD340FB}.Debug|Any CPU.Build.0 = Debug|Any CPU
		{23C23385-0860-41C4-8819-D6DD0CD340FB}.Release|Any CPU.ActiveCfg = Release|Any CPU
		{23C23385-0860-41C4-8819-D6DD0CD340FB}.Release|Any CPU.Build.0 = Release|Any CPU
		{B5F962FB-DC54-47DA-9109-5FAE08180001}.Debug|Any CPU.ActiveCfg = Debug|Any CPU
		{B5F962FB-DC54-47DA-9109-5FAE08180001}.Debug|Any CPU.Build.0 = Debug|Any CPU
		{B5F962FB-DC54-47DA-9109-5FAE08180001}.Release|Any CPU.ActiveCfg = Release|Any CPU
		{B5F962FB-DC54-47DA-9109-5FAE08180001}.Release|Any CPU.Build.0 = Release|Any CPU
		{97F5BC53-9BF4-4F0F-939B-6514868D8FB1}.Debug|Any CPU.ActiveCfg = Debug|Any CPU
		{97F5BC53-9BF4-4F0F-939B-6514868D8FB1}.Debug|Any CPU.Build.0 = Debug|Any CPU
		{97F5BC53-9BF4-4F0F-939B-6514868D8FB1}.Release|Any CPU.ActiveCfg = Release|Any CPU
		{97F5BC53-9BF4-4F0F-939B-6514868D8FB1}.Release|Any CPU.Build.0 = Release|Any CPU
		{E4DD6D9D-8B14-4C0D-852E-B9AA513279B9}.Debug|Any CPU.ActiveCfg = Debug|Any CPU
		{E4DD6D9D-8B14-4C0D-852E-B9AA513279B9}.Debug|Any CPU.Build.0 = Debug|Any CPU
		{E4DD6D9D-8B14-4C0D-852E-B9AA513279B9}.Release|Any CPU.ActiveCfg = Release|Any CPU
		{E4DD6D9D-8B14-4C0D-852E-B9AA513279B9}.Release|Any CPU.Build.0 = Release|Any CPU
	EndGlobalSection
	GlobalSection(SolutionProperties) = preSolution
		HideSolutionNode = FALSE
	EndGlobalSection
	GlobalSection(NestedProjects) = preSolution
		{601C1073-4837-4668-8BA3-1EBA3D990423} = {DD135D16-FEFF-4106-910F-E802793D7811}
		{8C327C17-6268-4511-9148-BB118A3359EF} = {DD135D16-FEFF-4106-910F-E802793D7811}
		{4B0CD826-5C2E-48A0-915F-55EA4C7129BE} = {DD135D16-FEFF-4106-910F-E802793D7811}
		{60934EB5-0924-4ED5-9DFD-1E0BAEE65637} = {C50D2275-F9A7-44A7-B0B2-50C8110753DF}
		{C183AE41-B079-4552-A9E2-E059484024DF} = {C50D2275-F9A7-44A7-B0B2-50C8110753DF}
		{4596C231-8559-4E78-8F1B-F273582FF26E} = {7E7420AC-2DD0-4A33-B148-E156BF737E71}
		{23C23385-0860-41C4-8819-D6DD0CD340FB} = {4FC83CD2-7EF9-42F6-AFF2-04DA61FD57FA}
		{B5F962FB-DC54-47DA-9109-5FAE08180001} = {7E7420AC-2DD0-4A33-B148-E156BF737E71}
		{97F5BC53-9BF4-4F0F-939B-6514868D8FB1} = {7E7420AC-2DD0-4A33-B148-E156BF737E71}
	EndGlobalSection
	GlobalSection(ExtensibilityGlobals) = postSolution
		SolutionGuid = {28D06482-E373-43EA-B911-C15EFE7EC949}
	EndGlobalSection
EndGlobal
